// !$*UTF8*$!
{
	archiveVersion = 1;
	classes = {
	};
	objectVersion = 55;
	objects = {

/* Begin PBXBuildFile section */
		5DDFC96AE44A47F94D8111BC /* Pods_FlowerApp.framework in Frameworks */ = {isa = PBXBuildFile; fileRef = AE8CB9B2E865292D811F91E2 /* Pods_FlowerApp.framework */; };
		7F224A10275F74C1000649BB /* OrderVC.swift in Sources */ = {isa = PBXBuildFile; fileRef = 7F224A0E275F74C1000649BB /* OrderVC.swift */; };
		7F224A11275F74C1000649BB /* OrderVC.xib in Resources */ = {isa = PBXBuildFile; fileRef = 7F224A0F275F74C1000649BB /* OrderVC.xib */; };
		7F224A14275F75DA000649BB /* ValidationTextField.xib in Resources */ = {isa = PBXBuildFile; fileRef = 7F224A13275F75DA000649BB /* ValidationTextField.xib */; };
		7F224A16275F7722000649BB /* ValidationTextField.swift in Sources */ = {isa = PBXBuildFile; fileRef = 7F224A15275F7722000649BB /* ValidationTextField.swift */; };
		7F224A1E275F9F64000649BB /* InsetsTextField.swift in Sources */ = {isa = PBXBuildFile; fileRef = 7F224A1D275F9F64000649BB /* InsetsTextField.swift */; };
		7F681B7B27654D4F00C81EFA /* User.swift in Sources */ = {isa = PBXBuildFile; fileRef = 7F681B7A27654D4F00C81EFA /* User.swift */; };
		7F681B7D27654FA000C81EFA /* Order.swift in Sources */ = {isa = PBXBuildFile; fileRef = 7F681B7C27654FA000C81EFA /* Order.swift */; };
		7F681B7F2765775E00C81EFA /* Order.swift in Sources */ = {isa = PBXBuildFile; fileRef = 7F681B7E2765775E00C81EFA /* Order.swift */; };
		7F681B812765776C00C81EFA /* User.swift in Sources */ = {isa = PBXBuildFile; fileRef = 7F681B802765776C00C81EFA /* User.swift */; };
		7F681B832766493C00C81EFA /* MailBuilder.swift in Sources */ = {isa = PBXBuildFile; fileRef = 7F681B822766493C00C81EFA /* MailBuilder.swift */; };
		7F6C2DE7275FE38B00F3D849 /* CartProduct.swift in Sources */ = {isa = PBXBuildFile; fileRef = 7F6C2DE6275FE38B00F3D849 /* CartProduct.swift */; };
		7F6C2DEA275FF68200F3D849 /* NotificationManager.swift in Sources */ = {isa = PBXBuildFile; fileRef = 7F6C2DE9275FF68200F3D849 /* NotificationManager.swift */; };
		7F9B67DD275A8339009A742E /* CatalogVC+Configure.swift in Sources */ = {isa = PBXBuildFile; fileRef = 7F9B67DC275A8339009A742E /* CatalogVC+Configure.swift */; };
		7FC1AB992778EF88007495A3 /* DiscountCell.xib in Resources */ = {isa = PBXBuildFile; fileRef = 7FC1AB972778EF88007495A3 /* DiscountCell.xib */; };
		7FC1AB9A2778EF88007495A3 /* DiscountCell.swift in Sources */ = {isa = PBXBuildFile; fileRef = 7FC1AB982778EF88007495A3 /* DiscountCell.swift */; };
		7FC3B22D2778F7290095DEC0 /* OCT55.otf in Resources */ = {isa = PBXBuildFile; fileRef = 7FC3B2272778F7280095DEC0 /* OCT55.otf */; };
		7FC3B22E2778F7290095DEC0 /* OpenSans-Italic-VariableFont.ttf in Resources */ = {isa = PBXBuildFile; fileRef = 7FC3B2282778F7280095DEC0 /* OpenSans-Italic-VariableFont.ttf */; };
		7FC3B22F2778F7290095DEC0 /* OCT85.otf in Resources */ = {isa = PBXBuildFile; fileRef = 7FC3B2292778F7280095DEC0 /* OCT85.otf */; };
		7FC3B2302778F7290095DEC0 /* OCT56.otf in Resources */ = {isa = PBXBuildFile; fileRef = 7FC3B22A2778F7280095DEC0 /* OCT56.otf */; };
		7FC3B2312778F7290095DEC0 /* OpenSans-VariableFont.ttf in Resources */ = {isa = PBXBuildFile; fileRef = 7FC3B22B2778F7280095DEC0 /* OpenSans-VariableFont.ttf */; };
		7FC3B2322778F7290095DEC0 /* OCT86.otf in Resources */ = {isa = PBXBuildFile; fileRef = 7FC3B22C2778F7290095DEC0 /* OCT86.otf */; };
		893086A027434851000339B0 /* CodableClasses.swift in Sources */ = {isa = PBXBuildFile; fileRef = 8930869F27434851000339B0 /* CodableClasses.swift */; };
		893086A427434B1E000339B0 /* CategoryVC.swift in Sources */ = {isa = PBXBuildFile; fileRef = 893086A227434B1E000339B0 /* CategoryVC.swift */; };
		893086A527434B1E000339B0 /* CategoryVC.xib in Resources */ = {isa = PBXBuildFile; fileRef = 893086A327434B1E000339B0 /* CategoryVC.xib */; };
		893086A927434B7B000339B0 /* ProductCell.swift in Sources */ = {isa = PBXBuildFile; fileRef = 893086A727434B7B000339B0 /* ProductCell.swift */; };
		893086AA27434B7B000339B0 /* ProductCell.xib in Resources */ = {isa = PBXBuildFile; fileRef = 893086A827434B7B000339B0 /* ProductCell.xib */; };
		893086F6274715FC000339B0 /* Extensions.swift in Sources */ = {isa = PBXBuildFile; fileRef = 893086F5274715FC000339B0 /* Extensions.swift */; };
		893086FA27471CBD000339B0 /* ProductVC.swift in Sources */ = {isa = PBXBuildFile; fileRef = 893086F827471CBD000339B0 /* ProductVC.swift */; };
		893086FB27471CBD000339B0 /* ProductVC.xib in Resources */ = {isa = PBXBuildFile; fileRef = 893086F927471CBD000339B0 /* ProductVC.xib */; };
		893086FF27472838000339B0 /* ProductImageCell.swift in Sources */ = {isa = PBXBuildFile; fileRef = 893086FD27472838000339B0 /* ProductImageCell.swift */; };
		8930870027472838000339B0 /* ProductImageCell.xib in Resources */ = {isa = PBXBuildFile; fileRef = 893086FE27472838000339B0 /* ProductImageCell.xib */; };
		8982F137273F328200FB79E8 /* AppDelegate.swift in Sources */ = {isa = PBXBuildFile; fileRef = 8982F136273F328200FB79E8 /* AppDelegate.swift */; };
		8982F139273F328200FB79E8 /* SceneDelegate.swift in Sources */ = {isa = PBXBuildFile; fileRef = 8982F138273F328200FB79E8 /* SceneDelegate.swift */; };
		8982F140273F328300FB79E8 /* Assets.xcassets in Resources */ = {isa = PBXBuildFile; fileRef = 8982F13F273F328300FB79E8 /* Assets.xcassets */; };
		8982F143273F328300FB79E8 /* LaunchScreen.storyboard in Resources */ = {isa = PBXBuildFile; fileRef = 8982F141273F328300FB79E8 /* LaunchScreen.storyboard */; };
		8982F153273F33D100FB79E8 /* CatalogVC.swift in Sources */ = {isa = PBXBuildFile; fileRef = 8982F151273F33D100FB79E8 /* CatalogVC.swift */; };
		8982F154273F33D100FB79E8 /* CatalogVC.xib in Resources */ = {isa = PBXBuildFile; fileRef = 8982F152273F33D100FB79E8 /* CatalogVC.xib */; };
		8982F16B2740ADCC00FB79E8 /* Enums.swift in Sources */ = {isa = PBXBuildFile; fileRef = 8982F16A2740ADCC00FB79E8 /* Enums.swift */; };
		8982F16F2740ADFB00FB79E8 /* CategoryCell.swift in Sources */ = {isa = PBXBuildFile; fileRef = 8982F16D2740ADFB00FB79E8 /* CategoryCell.swift */; };
		8982F1702740ADFB00FB79E8 /* CategoryCell.xib in Resources */ = {isa = PBXBuildFile; fileRef = 8982F16E2740ADFB00FB79E8 /* CategoryCell.xib */; };
		89969DEA277A7BD0001519F9 /* ConfirmationVC.swift in Sources */ = {isa = PBXBuildFile; fileRef = 89969DE8277A7BD0001519F9 /* ConfirmationVC.swift */; };
		89969DEB277A7BD0001519F9 /* ConfirmationVC.xib in Resources */ = {isa = PBXBuildFile; fileRef = 89969DE9277A7BD0001519F9 /* ConfirmationVC.xib */; };
		89969DF3277B6198001519F9 /* CartCell.swift in Sources */ = {isa = PBXBuildFile; fileRef = 89969DF1277B6198001519F9 /* CartCell.swift */; };
		89969DF4277B6198001519F9 /* CartCell.xib in Resources */ = {isa = PBXBuildFile; fileRef = 89969DF2277B6198001519F9 /* CartCell.xib */; };
		89DBE89227475C7C00B7C96D /* TabBarController.swift in Sources */ = {isa = PBXBuildFile; fileRef = 89DBE89127475C7C00B7C96D /* TabBarController.swift */; };
		89DBE89627475C8C00B7C96D /* ContactsCell.swift in Sources */ = {isa = PBXBuildFile; fileRef = 89DBE89427475C8C00B7C96D /* ContactsCell.swift */; };
		89DBE89727475C8C00B7C96D /* ContactsCell.xib in Resources */ = {isa = PBXBuildFile; fileRef = 89DBE89527475C8C00B7C96D /* ContactsCell.xib */; };
		89DBE8A02747614B00B7C96D /* GoogleMapVC.swift in Sources */ = {isa = PBXBuildFile; fileRef = 89DBE89E2747614B00B7C96D /* GoogleMapVC.swift */; };
		89DBE8A12747614B00B7C96D /* GoogleMapVC.xib in Resources */ = {isa = PBXBuildFile; fileRef = 89DBE89F2747614B00B7C96D /* GoogleMapVC.xib */; };
		89DBE917275059F000B7C96D /* FilterVC.swift in Sources */ = {isa = PBXBuildFile; fileRef = 89DBE915275059F000B7C96D /* FilterVC.swift */; };
		89DBE918275059F000B7C96D /* FilterVC.xib in Resources */ = {isa = PBXBuildFile; fileRef = 89DBE916275059F000B7C96D /* FilterVC.xib */; };
		89DBE9A32762C9D000B7C96D /* CompositionVC.swift in Sources */ = {isa = PBXBuildFile; fileRef = 89DBE9A12762C9D000B7C96D /* CompositionVC.swift */; };
		89DBE9A42762C9D000B7C96D /* CompositionVC.xib in Resources */ = {isa = PBXBuildFile; fileRef = 89DBE9A22762C9D000B7C96D /* CompositionVC.xib */; };
		89DBE9A82766DC3E00B7C96D /* FilterCell.swift in Sources */ = {isa = PBXBuildFile; fileRef = 89DBE9A62766DC3E00B7C96D /* FilterCell.swift */; };
		89DBE9A92766DC3E00B7C96D /* FilterCell.xib in Resources */ = {isa = PBXBuildFile; fileRef = 89DBE9A72766DC3E00B7C96D /* FilterCell.xib */; };
		9320364A2752A76F00E68921 /* UIApplication+Extensions.swift in Sources */ = {isa = PBXBuildFile; fileRef = 932036492752A76F00E68921 /* UIApplication+Extensions.swift */; };
		9336B1B22788E6DE001A7BE6 /* FullImageProductCell.swift in Sources */ = {isa = PBXBuildFile; fileRef = 9336B1B02788E6DE001A7BE6 /* FullImageProductCell.swift */; };
		9336B1B32788E6DE001A7BE6 /* FullImageProductCell.xib in Resources */ = {isa = PBXBuildFile; fileRef = 9336B1B12788E6DE001A7BE6 /* FullImageProductCell.xib */; };
		933EEC4227772C54007E482D /* UIColor + Extension.swift in Sources */ = {isa = PBXBuildFile; fileRef = 933EEC4127772C54007E482D /* UIColor + Extension.swift */; };
		933F0CD4273FBF8900482A9F /* FavouriteVC.swift in Sources */ = {isa = PBXBuildFile; fileRef = 933F0CD2273FBF8900482A9F /* FavouriteVC.swift */; };
		933F0CD5273FBF8900482A9F /* FavouriteVC.xib in Resources */ = {isa = PBXBuildFile; fileRef = 933F0CD3273FBF8900482A9F /* FavouriteVC.xib */; };
		933F0CD8273FBFB900482A9F /* ContactsVC.swift in Sources */ = {isa = PBXBuildFile; fileRef = 933F0CD6273FBFB900482A9F /* ContactsVC.swift */; };
		933F0CD9273FBFB900482A9F /* ContactsVC.xib in Resources */ = {isa = PBXBuildFile; fileRef = 933F0CD7273FBFB900482A9F /* ContactsVC.xib */; };
		933F0CDC273FC05500482A9F /* ShoppingCartVC.swift in Sources */ = {isa = PBXBuildFile; fileRef = 933F0CDA273FC05500482A9F /* ShoppingCartVC.swift */; };
		933F0CDD273FC05500482A9F /* ShoppingCartVC.xib in Resources */ = {isa = PBXBuildFile; fileRef = 933F0CDB273FC05500482A9F /* ShoppingCartVC.xib */; };
		935D8949274EB93F00106DE0 /* Main.storyboard in Resources */ = {isa = PBXBuildFile; fileRef = 935D8948274EB93F00106DE0 /* Main.storyboard */; };
		9381373F275FEF9C00374F55 /* ContactsType.swift in Sources */ = {isa = PBXBuildFile; fileRef = 9381373E275FEF9B00374F55 /* ContactsType.swift */; };
		9394AF1C277BB8FD0018C6B3 /* ProductCartCell.swift in Sources */ = {isa = PBXBuildFile; fileRef = 9394AF1A277BB8FD0018C6B3 /* ProductCartCell.swift */; };
		9394AF1D277BB8FD0018C6B3 /* ProductCartCell.xib in Resources */ = {isa = PBXBuildFile; fileRef = 9394AF1B277BB8FD0018C6B3 /* ProductCartCell.xib */; };
		9396BC5F274881BB00DA4FC8 /* FavouriteCell.swift in Sources */ = {isa = PBXBuildFile; fileRef = 9396BC5D274881BB00DA4FC8 /* FavouriteCell.swift */; };
		9396BC60274881BB00DA4FC8 /* FavouriteCell.xib in Resources */ = {isa = PBXBuildFile; fileRef = 9396BC5E274881BB00DA4FC8 /* FavouriteCell.xib */; };
		9396BC6227488F3300DA4FC8 /* RealmManager.swift in Sources */ = {isa = PBXBuildFile; fileRef = 9396BC6127488F3200DA4FC8 /* RealmManager.swift */; };
		9396BC65274890C300DA4FC8 /* Product.swift in Sources */ = {isa = PBXBuildFile; fileRef = 9396BC64274890C300DA4FC8 /* Product.swift */; };
		93A874CF276CD97900B95AEF /* SubDiscountCell.swift in Sources */ = {isa = PBXBuildFile; fileRef = 93A874CD276CD97900B95AEF /* SubDiscountCell.swift */; };
		93A874D0276CD97900B95AEF /* SubDiscountCell.xib in Resources */ = {isa = PBXBuildFile; fileRef = 93A874CE276CD97900B95AEF /* SubDiscountCell.xib */; };
		93AD6D4B27515B6A00211D96 /* PopupController.swift in Sources */ = {isa = PBXBuildFile; fileRef = 93AD6D4927515B6A00211D96 /* PopupController.swift */; };
		93AD6D4C27515B6A00211D96 /* PopupController.xib in Resources */ = {isa = PBXBuildFile; fileRef = 93AD6D4A27515B6A00211D96 /* PopupController.xib */; };
		93CFDBB2278B1B0500C340E1 /* BackendAPI.swift in Sources */ = {isa = PBXBuildFile; fileRef = 93CFDBB1278B1B0500C340E1 /* BackendAPI.swift */; };
		93CFDBB6278B278200C340E1 /* NetworkManager.swift in Sources */ = {isa = PBXBuildFile; fileRef = 93CFDBB5278B278200C340E1 /* NetworkManager.swift */; };
		93D97C0F27711C14001CF716 /* DiscountCodable.swift in Sources */ = {isa = PBXBuildFile; fileRef = 93D97C0E27711C14001CF716 /* DiscountCodable.swift */; };
		93F5F54F2787011C00178F76 /* FullImageController.swift in Sources */ = {isa = PBXBuildFile; fileRef = 93F5F54D2787011C00178F76 /* FullImageController.swift */; };
		93F5F5502787011C00178F76 /* FullImageController.xib in Resources */ = {isa = PBXBuildFile; fileRef = 93F5F54E2787011C00178F76 /* FullImageController.xib */; };
/* End PBXBuildFile section */

/* Begin PBXFileReference section */
		10B83A1A918906EF7FA39CC1 /* Pods-FlowerApp.release.xcconfig */ = {isa = PBXFileReference; includeInIndex = 1; lastKnownFileType = text.xcconfig; name = "Pods-FlowerApp.release.xcconfig"; path = "Target Support Files/Pods-FlowerApp/Pods-FlowerApp.release.xcconfig"; sourceTree = "<group>"; };
		3C235F7C2C1D2127AC5EE758 /* Pods-FlowerApp.debug.xcconfig */ = {isa = PBXFileReference; includeInIndex = 1; lastKnownFileType = text.xcconfig; name = "Pods-FlowerApp.debug.xcconfig"; path = "Target Support Files/Pods-FlowerApp/Pods-FlowerApp.debug.xcconfig"; sourceTree = "<group>"; };
		7F0C4FBE2766519A00074F4A /* sendEmail_bridge.h */ = {isa = PBXFileReference; lastKnownFileType = sourcecode.c.h; path = sendEmail_bridge.h; sourceTree = "<group>"; };
		7F224A0E275F74C1000649BB /* OrderVC.swift */ = {isa = PBXFileReference; lastKnownFileType = sourcecode.swift; path = OrderVC.swift; sourceTree = "<group>"; };
		7F224A0F275F74C1000649BB /* OrderVC.xib */ = {isa = PBXFileReference; lastKnownFileType = file.xib; path = OrderVC.xib; sourceTree = "<group>"; };
		7F224A13275F75DA000649BB /* ValidationTextField.xib */ = {isa = PBXFileReference; lastKnownFileType = file.xib; path = ValidationTextField.xib; sourceTree = "<group>"; };
		7F224A15275F7722000649BB /* ValidationTextField.swift */ = {isa = PBXFileReference; lastKnownFileType = sourcecode.swift; path = ValidationTextField.swift; sourceTree = "<group>"; };
		7F224A1D275F9F64000649BB /* InsetsTextField.swift */ = {isa = PBXFileReference; lastKnownFileType = sourcecode.swift; path = InsetsTextField.swift; sourceTree = "<group>"; };
		7F681B7A27654D4F00C81EFA /* User.swift */ = {isa = PBXFileReference; lastKnownFileType = sourcecode.swift; path = User.swift; sourceTree = "<group>"; };
		7F681B7C27654FA000C81EFA /* Order.swift */ = {isa = PBXFileReference; lastKnownFileType = sourcecode.swift; path = Order.swift; sourceTree = "<group>"; };
		7F681B7E2765775E00C81EFA /* Order.swift */ = {isa = PBXFileReference; lastKnownFileType = sourcecode.swift; path = Order.swift; sourceTree = "<group>"; };
		7F681B802765776C00C81EFA /* User.swift */ = {isa = PBXFileReference; lastKnownFileType = sourcecode.swift; path = User.swift; sourceTree = "<group>"; };
		7F681B822766493C00C81EFA /* MailBuilder.swift */ = {isa = PBXFileReference; lastKnownFileType = sourcecode.swift; path = MailBuilder.swift; sourceTree = "<group>"; };
		7F6C2DE6275FE38B00F3D849 /* CartProduct.swift */ = {isa = PBXFileReference; lastKnownFileType = sourcecode.swift; path = CartProduct.swift; sourceTree = "<group>"; };
		7F6C2DE9275FF68200F3D849 /* NotificationManager.swift */ = {isa = PBXFileReference; lastKnownFileType = sourcecode.swift; path = NotificationManager.swift; sourceTree = "<group>"; };
		7F9B67DC275A8339009A742E /* CatalogVC+Configure.swift */ = {isa = PBXFileReference; lastKnownFileType = sourcecode.swift; path = "CatalogVC+Configure.swift"; sourceTree = "<group>"; };
		7FC1AB972778EF88007495A3 /* DiscountCell.xib */ = {isa = PBXFileReference; fileEncoding = 4; lastKnownFileType = file.xib; path = DiscountCell.xib; sourceTree = "<group>"; };
		7FC1AB982778EF88007495A3 /* DiscountCell.swift */ = {isa = PBXFileReference; fileEncoding = 4; lastKnownFileType = sourcecode.swift; path = DiscountCell.swift; sourceTree = "<group>"; };
		7FC3B2272778F7280095DEC0 /* OCT55.otf */ = {isa = PBXFileReference; lastKnownFileType = file; path = OCT55.otf; sourceTree = "<group>"; };
		7FC3B2282778F7280095DEC0 /* OpenSans-Italic-VariableFont.ttf */ = {isa = PBXFileReference; lastKnownFileType = file; path = "OpenSans-Italic-VariableFont.ttf"; sourceTree = "<group>"; };
		7FC3B2292778F7280095DEC0 /* OCT85.otf */ = {isa = PBXFileReference; lastKnownFileType = file; path = OCT85.otf; sourceTree = "<group>"; };
		7FC3B22A2778F7280095DEC0 /* OCT56.otf */ = {isa = PBXFileReference; lastKnownFileType = file; path = OCT56.otf; sourceTree = "<group>"; };
		7FC3B22B2778F7280095DEC0 /* OpenSans-VariableFont.ttf */ = {isa = PBXFileReference; lastKnownFileType = file; path = "OpenSans-VariableFont.ttf"; sourceTree = "<group>"; };
		7FC3B22C2778F7290095DEC0 /* OCT86.otf */ = {isa = PBXFileReference; lastKnownFileType = file; path = OCT86.otf; sourceTree = "<group>"; };
		8930869F27434851000339B0 /* CodableClasses.swift */ = {isa = PBXFileReference; lastKnownFileType = sourcecode.swift; path = CodableClasses.swift; sourceTree = "<group>"; };
		893086A227434B1E000339B0 /* CategoryVC.swift */ = {isa = PBXFileReference; lastKnownFileType = sourcecode.swift; path = CategoryVC.swift; sourceTree = "<group>"; };
		893086A327434B1E000339B0 /* CategoryVC.xib */ = {isa = PBXFileReference; lastKnownFileType = file.xib; path = CategoryVC.xib; sourceTree = "<group>"; };
		893086A727434B7B000339B0 /* ProductCell.swift */ = {isa = PBXFileReference; lastKnownFileType = sourcecode.swift; path = ProductCell.swift; sourceTree = "<group>"; };
		893086A827434B7B000339B0 /* ProductCell.xib */ = {isa = PBXFileReference; lastKnownFileType = file.xib; path = ProductCell.xib; sourceTree = "<group>"; };
		893086F5274715FC000339B0 /* Extensions.swift */ = {isa = PBXFileReference; lastKnownFileType = sourcecode.swift; path = Extensions.swift; sourceTree = "<group>"; };
		893086F827471CBD000339B0 /* ProductVC.swift */ = {isa = PBXFileReference; lastKnownFileType = sourcecode.swift; path = ProductVC.swift; sourceTree = "<group>"; };
		893086F927471CBD000339B0 /* ProductVC.xib */ = {isa = PBXFileReference; lastKnownFileType = file.xib; path = ProductVC.xib; sourceTree = "<group>"; };
		893086FD27472838000339B0 /* ProductImageCell.swift */ = {isa = PBXFileReference; lastKnownFileType = sourcecode.swift; path = ProductImageCell.swift; sourceTree = "<group>"; };
		893086FE27472838000339B0 /* ProductImageCell.xib */ = {isa = PBXFileReference; lastKnownFileType = file.xib; path = ProductImageCell.xib; sourceTree = "<group>"; };
		8982F133273F328200FB79E8 /* FlowerApp.app */ = {isa = PBXFileReference; explicitFileType = wrapper.application; includeInIndex = 0; path = FlowerApp.app; sourceTree = BUILT_PRODUCTS_DIR; };
		8982F136273F328200FB79E8 /* AppDelegate.swift */ = {isa = PBXFileReference; lastKnownFileType = sourcecode.swift; path = AppDelegate.swift; sourceTree = "<group>"; };
		8982F138273F328200FB79E8 /* SceneDelegate.swift */ = {isa = PBXFileReference; lastKnownFileType = sourcecode.swift; path = SceneDelegate.swift; sourceTree = "<group>"; };
		8982F13F273F328300FB79E8 /* Assets.xcassets */ = {isa = PBXFileReference; lastKnownFileType = folder.assetcatalog; path = Assets.xcassets; sourceTree = "<group>"; };
		8982F142273F328300FB79E8 /* Base */ = {isa = PBXFileReference; lastKnownFileType = file.storyboard; name = Base; path = Base.lproj/LaunchScreen.storyboard; sourceTree = "<group>"; };
		8982F144273F328300FB79E8 /* Info.plist */ = {isa = PBXFileReference; lastKnownFileType = text.plist.xml; path = Info.plist; sourceTree = "<group>"; };
		8982F151273F33D100FB79E8 /* CatalogVC.swift */ = {isa = PBXFileReference; lastKnownFileType = sourcecode.swift; path = CatalogVC.swift; sourceTree = "<group>"; };
		8982F152273F33D100FB79E8 /* CatalogVC.xib */ = {isa = PBXFileReference; lastKnownFileType = file.xib; path = CatalogVC.xib; sourceTree = "<group>"; };
		8982F16A2740ADCC00FB79E8 /* Enums.swift */ = {isa = PBXFileReference; lastKnownFileType = sourcecode.swift; path = Enums.swift; sourceTree = "<group>"; };
		8982F16D2740ADFB00FB79E8 /* CategoryCell.swift */ = {isa = PBXFileReference; lastKnownFileType = sourcecode.swift; path = CategoryCell.swift; sourceTree = "<group>"; };
		8982F16E2740ADFB00FB79E8 /* CategoryCell.xib */ = {isa = PBXFileReference; lastKnownFileType = file.xib; path = CategoryCell.xib; sourceTree = "<group>"; };
		89969DE8277A7BD0001519F9 /* ConfirmationVC.swift */ = {isa = PBXFileReference; lastKnownFileType = sourcecode.swift; path = ConfirmationVC.swift; sourceTree = "<group>"; };
		89969DE9277A7BD0001519F9 /* ConfirmationVC.xib */ = {isa = PBXFileReference; lastKnownFileType = file.xib; path = ConfirmationVC.xib; sourceTree = "<group>"; };
		89969DF1277B6198001519F9 /* CartCell.swift */ = {isa = PBXFileReference; lastKnownFileType = sourcecode.swift; path = CartCell.swift; sourceTree = "<group>"; };
		89969DF2277B6198001519F9 /* CartCell.xib */ = {isa = PBXFileReference; lastKnownFileType = file.xib; path = CartCell.xib; sourceTree = "<group>"; };
		89DBE89127475C7C00B7C96D /* TabBarController.swift */ = {isa = PBXFileReference; fileEncoding = 4; lastKnownFileType = sourcecode.swift; path = TabBarController.swift; sourceTree = "<group>"; };
		89DBE89427475C8C00B7C96D /* ContactsCell.swift */ = {isa = PBXFileReference; fileEncoding = 4; lastKnownFileType = sourcecode.swift; path = ContactsCell.swift; sourceTree = "<group>"; };
		89DBE89527475C8C00B7C96D /* ContactsCell.xib */ = {isa = PBXFileReference; fileEncoding = 4; lastKnownFileType = file.xib; path = ContactsCell.xib; sourceTree = "<group>"; };
		89DBE89E2747614B00B7C96D /* GoogleMapVC.swift */ = {isa = PBXFileReference; fileEncoding = 4; lastKnownFileType = sourcecode.swift; path = GoogleMapVC.swift; sourceTree = "<group>"; };
		89DBE89F2747614B00B7C96D /* GoogleMapVC.xib */ = {isa = PBXFileReference; fileEncoding = 4; lastKnownFileType = file.xib; path = GoogleMapVC.xib; sourceTree = "<group>"; };
		89DBE915275059F000B7C96D /* FilterVC.swift */ = {isa = PBXFileReference; lastKnownFileType = sourcecode.swift; path = FilterVC.swift; sourceTree = "<group>"; };
		89DBE916275059F000B7C96D /* FilterVC.xib */ = {isa = PBXFileReference; lastKnownFileType = file.xib; path = FilterVC.xib; sourceTree = "<group>"; };
		89DBE9A12762C9D000B7C96D /* CompositionVC.swift */ = {isa = PBXFileReference; lastKnownFileType = sourcecode.swift; path = CompositionVC.swift; sourceTree = "<group>"; };
		89DBE9A22762C9D000B7C96D /* CompositionVC.xib */ = {isa = PBXFileReference; lastKnownFileType = file.xib; path = CompositionVC.xib; sourceTree = "<group>"; };
		89DBE9A62766DC3E00B7C96D /* FilterCell.swift */ = {isa = PBXFileReference; lastKnownFileType = sourcecode.swift; path = FilterCell.swift; sourceTree = "<group>"; };
		89DBE9A72766DC3E00B7C96D /* FilterCell.xib */ = {isa = PBXFileReference; lastKnownFileType = file.xib; path = FilterCell.xib; sourceTree = "<group>"; };
		932036492752A76F00E68921 /* UIApplication+Extensions.swift */ = {isa = PBXFileReference; lastKnownFileType = sourcecode.swift; path = "UIApplication+Extensions.swift"; sourceTree = "<group>"; };
		9336B1B02788E6DE001A7BE6 /* FullImageProductCell.swift */ = {isa = PBXFileReference; lastKnownFileType = sourcecode.swift; path = FullImageProductCell.swift; sourceTree = "<group>"; };
		9336B1B12788E6DE001A7BE6 /* FullImageProductCell.xib */ = {isa = PBXFileReference; lastKnownFileType = file.xib; path = FullImageProductCell.xib; sourceTree = "<group>"; };
		933EEC4127772C54007E482D /* UIColor + Extension.swift */ = {isa = PBXFileReference; lastKnownFileType = sourcecode.swift; path = "UIColor + Extension.swift"; sourceTree = "<group>"; };
		933F0CD2273FBF8900482A9F /* FavouriteVC.swift */ = {isa = PBXFileReference; lastKnownFileType = sourcecode.swift; path = FavouriteVC.swift; sourceTree = "<group>"; };
		933F0CD3273FBF8900482A9F /* FavouriteVC.xib */ = {isa = PBXFileReference; lastKnownFileType = file.xib; path = FavouriteVC.xib; sourceTree = "<group>"; };
		933F0CD6273FBFB900482A9F /* ContactsVC.swift */ = {isa = PBXFileReference; lastKnownFileType = sourcecode.swift; path = ContactsVC.swift; sourceTree = "<group>"; };
		933F0CD7273FBFB900482A9F /* ContactsVC.xib */ = {isa = PBXFileReference; lastKnownFileType = file.xib; path = ContactsVC.xib; sourceTree = "<group>"; };
		933F0CDA273FC05500482A9F /* ShoppingCartVC.swift */ = {isa = PBXFileReference; lastKnownFileType = sourcecode.swift; path = ShoppingCartVC.swift; sourceTree = "<group>"; };
		933F0CDB273FC05500482A9F /* ShoppingCartVC.xib */ = {isa = PBXFileReference; lastKnownFileType = file.xib; path = ShoppingCartVC.xib; sourceTree = "<group>"; };
		935D8948274EB93F00106DE0 /* Main.storyboard */ = {isa = PBXFileReference; lastKnownFileType = file.storyboard; path = Main.storyboard; sourceTree = "<group>"; };
		9381373E275FEF9B00374F55 /* ContactsType.swift */ = {isa = PBXFileReference; lastKnownFileType = sourcecode.swift; path = ContactsType.swift; sourceTree = "<group>"; };
		9394AF1A277BB8FD0018C6B3 /* ProductCartCell.swift */ = {isa = PBXFileReference; lastKnownFileType = sourcecode.swift; path = ProductCartCell.swift; sourceTree = "<group>"; };
		9394AF1B277BB8FD0018C6B3 /* ProductCartCell.xib */ = {isa = PBXFileReference; lastKnownFileType = file.xib; path = ProductCartCell.xib; sourceTree = "<group>"; };
		9396BC5D274881BB00DA4FC8 /* FavouriteCell.swift */ = {isa = PBXFileReference; lastKnownFileType = sourcecode.swift; path = FavouriteCell.swift; sourceTree = "<group>"; };
		9396BC5E274881BB00DA4FC8 /* FavouriteCell.xib */ = {isa = PBXFileReference; lastKnownFileType = file.xib; path = FavouriteCell.xib; sourceTree = "<group>"; };
		9396BC6127488F3200DA4FC8 /* RealmManager.swift */ = {isa = PBXFileReference; lastKnownFileType = sourcecode.swift; path = RealmManager.swift; sourceTree = "<group>"; };
		9396BC64274890C300DA4FC8 /* Product.swift */ = {isa = PBXFileReference; lastKnownFileType = sourcecode.swift; path = Product.swift; sourceTree = "<group>"; };
		93A874CD276CD97900B95AEF /* SubDiscountCell.swift */ = {isa = PBXFileReference; lastKnownFileType = sourcecode.swift; path = SubDiscountCell.swift; sourceTree = "<group>"; };
		93A874CE276CD97900B95AEF /* SubDiscountCell.xib */ = {isa = PBXFileReference; lastKnownFileType = file.xib; path = SubDiscountCell.xib; sourceTree = "<group>"; };
		93AD6D4927515B6A00211D96 /* PopupController.swift */ = {isa = PBXFileReference; lastKnownFileType = sourcecode.swift; path = PopupController.swift; sourceTree = "<group>"; };
		93AD6D4A27515B6A00211D96 /* PopupController.xib */ = {isa = PBXFileReference; lastKnownFileType = file.xib; path = PopupController.xib; sourceTree = "<group>"; };
		93CFDBB1278B1B0500C340E1 /* BackendAPI.swift */ = {isa = PBXFileReference; lastKnownFileType = sourcecode.swift; path = BackendAPI.swift; sourceTree = "<group>"; };
		93CFDBB5278B278200C340E1 /* NetworkManager.swift */ = {isa = PBXFileReference; lastKnownFileType = sourcecode.swift; path = NetworkManager.swift; sourceTree = "<group>"; };
		93D97C0E27711C14001CF716 /* DiscountCodable.swift */ = {isa = PBXFileReference; lastKnownFileType = sourcecode.swift; path = DiscountCodable.swift; sourceTree = "<group>"; };
		93F5F54D2787011C00178F76 /* FullImageController.swift */ = {isa = PBXFileReference; lastKnownFileType = sourcecode.swift; path = FullImageController.swift; sourceTree = "<group>"; };
		93F5F54E2787011C00178F76 /* FullImageController.xib */ = {isa = PBXFileReference; lastKnownFileType = file.xib; path = FullImageController.xib; sourceTree = "<group>"; };
		AE8CB9B2E865292D811F91E2 /* Pods_FlowerApp.framework */ = {isa = PBXFileReference; explicitFileType = wrapper.framework; includeInIndex = 0; path = Pods_FlowerApp.framework; sourceTree = BUILT_PRODUCTS_DIR; };
/* End PBXFileReference section */

/* Begin PBXFrameworksBuildPhase section */
		8982F130273F328200FB79E8 /* Frameworks */ = {
			isa = PBXFrameworksBuildPhase;
			buildActionMask = 2147483647;
			files = (
				5DDFC96AE44A47F94D8111BC /* Pods_FlowerApp.framework in Frameworks */,
			);
			runOnlyForDeploymentPostprocessing = 0;
		};
/* End PBXFrameworksBuildPhase section */

/* Begin PBXGroup section */
		7F224A0C275F74A0000649BB /* Cart */ = {
			isa = PBXGroup;
			children = (
				93A3B06927412C97008DF823 /* ShopingCartController */,
				7F224A0D275F74AE000649BB /* OrderController */,
				89969DE7277A7B9A001519F9 /* ConfirmationController */,
			);
			path = Cart;
			sourceTree = "<group>";
		};
		7F224A0D275F74AE000649BB /* OrderController */ = {
			isa = PBXGroup;
			children = (
				7F224A0E275F74C1000649BB /* OrderVC.swift */,
				7F224A0F275F74C1000649BB /* OrderVC.xib */,
			);
			path = OrderController;
			sourceTree = "<group>";
		};
		7F224A12275F75B2000649BB /* CustomViews */ = {
			isa = PBXGroup;
			children = (
				7F224A1B275F9F34000649BB /* ValidationTextField */,
			);
			path = CustomViews;
			sourceTree = "<group>";
		};
		7F224A1B275F9F34000649BB /* ValidationTextField */ = {
			isa = PBXGroup;
			children = (
				7F224A1C275F9F43000649BB /* InsetsTextField */,
				7F224A13275F75DA000649BB /* ValidationTextField.xib */,
				7F224A15275F7722000649BB /* ValidationTextField.swift */,
			);
			path = ValidationTextField;
			sourceTree = "<group>";
		};
		7F224A1C275F9F43000649BB /* InsetsTextField */ = {
			isa = PBXGroup;
			children = (
				7F224A1D275F9F64000649BB /* InsetsTextField.swift */,
			);
			path = InsetsTextField;
			sourceTree = "<group>";
		};
		7F6C2DE8275FF67500F3D849 /* Utilites */ = {
			isa = PBXGroup;
			children = (
				7F6C2DE9275FF68200F3D849 /* NotificationManager.swift */,
				7F681B822766493C00C81EFA /* MailBuilder.swift */,
			);
			path = Utilites;
			sourceTree = "<group>";
		};
		7F9B67DE275A8812009A742E /* Catalog */ = {
			isa = PBXGroup;
			children = (
				93A3B06827412C82008DF823 /* CatalogController */,
				893086A127434B03000339B0 /* CategoryController */,
				893086F727471C96000339B0 /* ProductController */,
				89DBE914275059AC00B7C96D /* FilterController */,
			);
			path = Catalog;
			sourceTree = "<group>";
		};
		7FC1AB962778EF88007495A3 /* DiscountCell */ = {
			isa = PBXGroup;
			children = (
				7FC1AB982778EF88007495A3 /* DiscountCell.swift */,
				7FC1AB972778EF88007495A3 /* DiscountCell.xib */,
			);
			path = DiscountCell;
			sourceTree = "<group>";
		};
		7FC3B2262778F7110095DEC0 /* Fonts */ = {
			isa = PBXGroup;
			children = (
				7FC3B2272778F7280095DEC0 /* OCT55.otf */,
				7FC3B22A2778F7280095DEC0 /* OCT56.otf */,
				7FC3B2292778F7280095DEC0 /* OCT85.otf */,
				7FC3B22C2778F7290095DEC0 /* OCT86.otf */,
				7FC3B2282778F7280095DEC0 /* OpenSans-Italic-VariableFont.ttf */,
				7FC3B22B2778F7280095DEC0 /* OpenSans-VariableFont.ttf */,
			);
			path = Fonts;
			sourceTree = "<group>";
		};
		893086A127434B03000339B0 /* CategoryController */ = {
			isa = PBXGroup;
			children = (
				893086A227434B1E000339B0 /* CategoryVC.swift */,
				893086A327434B1E000339B0 /* CategoryVC.xib */,
			);
			path = CategoryController;
			sourceTree = "<group>";
		};
		893086A627434B3B000339B0 /* ProductCell */ = {
			isa = PBXGroup;
			children = (
				893086A727434B7B000339B0 /* ProductCell.swift */,
				893086A827434B7B000339B0 /* ProductCell.xib */,
			);
			path = ProductCell;
			sourceTree = "<group>";
		};
		893086F4274715EE000339B0 /* Extensions */ = {
			isa = PBXGroup;
			children = (
				893086F5274715FC000339B0 /* Extensions.swift */,
				932036492752A76F00E68921 /* UIApplication+Extensions.swift */,
				933EEC4127772C54007E482D /* UIColor + Extension.swift */,
			);
			path = Extensions;
			sourceTree = "<group>";
		};
		893086F727471C96000339B0 /* ProductController */ = {
			isa = PBXGroup;
			children = (
				93F5F54C278700E800178F76 /* FullImageController */,
				893086F827471CBD000339B0 /* ProductVC.swift */,
				893086F927471CBD000339B0 /* ProductVC.xib */,
			);
			path = ProductController;
			sourceTree = "<group>";
		};
		893086FC27472809000339B0 /* ProductImageCell */ = {
			isa = PBXGroup;
			children = (
				893086FD27472838000339B0 /* ProductImageCell.swift */,
				893086FE27472838000339B0 /* ProductImageCell.xib */,
			);
			path = ProductImageCell;
			sourceTree = "<group>";
		};
		8982F12A273F328200FB79E8 = {
			isa = PBXGroup;
			children = (
				8982F135273F328200FB79E8 /* FlowerApp */,
				8982F134273F328200FB79E8 /* Products */,
				91E7C5CD6880390624272CC9 /* Pods */,
				C54DA66551EAE16582D491DA /* Frameworks */,
			);
			sourceTree = "<group>";
		};
		8982F134273F328200FB79E8 /* Products */ = {
			isa = PBXGroup;
			children = (
				8982F133273F328200FB79E8 /* FlowerApp.app */,
			);
			name = Products;
			sourceTree = "<group>";
		};
		8982F135273F328200FB79E8 /* FlowerApp */ = {
			isa = PBXGroup;
			children = (
				7F6C2DE8275FF67500F3D849 /* Utilites */,
				7F224A12275F75B2000649BB /* CustomViews */,
				8982F14E273F339600FB79E8 /* ViewControllers */,
				8982F14D273F339200FB79E8 /* Cells */,
				8982F14C273F338900FB79E8 /* NetworkTools */,
				8982F14B273F337E00FB79E8 /* RealmData */,
				893086F4274715EE000339B0 /* Extensions */,
				8982F1692740ADBD00FB79E8 /* Enums */,
				9396BC63274890A000DA4FC8 /* Models */,
				7FC3B2262778F7110095DEC0 /* Fonts */,
				8982F136273F328200FB79E8 /* AppDelegate.swift */,
				8982F138273F328200FB79E8 /* SceneDelegate.swift */,
				8982F13F273F328300FB79E8 /* Assets.xcassets */,
				8982F141273F328300FB79E8 /* LaunchScreen.storyboard */,
				935D8948274EB93F00106DE0 /* Main.storyboard */,
				8982F144273F328300FB79E8 /* Info.plist */,
				7F0C4FBE2766519A00074F4A /* sendEmail_bridge.h */,
			);
			path = FlowerApp;
			sourceTree = "<group>";
		};
		8982F14B273F337E00FB79E8 /* RealmData */ = {
			isa = PBXGroup;
			children = (
				9396BC6127488F3200DA4FC8 /* RealmManager.swift */,
			);
			path = RealmData;
			sourceTree = "<group>";
		};
		8982F14C273F338900FB79E8 /* NetworkTools */ = {
			isa = PBXGroup;
			children = (
				8930869F27434851000339B0 /* CodableClasses.swift */,
				93D97C0E27711C14001CF716 /* DiscountCodable.swift */,
				93CFDBB1278B1B0500C340E1 /* BackendAPI.swift */,
				93CFDBB5278B278200C340E1 /* NetworkManager.swift */,
			);
			path = NetworkTools;
			sourceTree = "<group>";
		};
		8982F14D273F339200FB79E8 /* Cells */ = {
			isa = PBXGroup;
			children = (
				9336B1AF2788E6AE001A7BE6 /* FullImageProductCell */,
				89969DF0277B6180001519F9 /* CartCell */,
				9394AF19277BB8CD0018C6B3 /* ProductCartCell */,
				89DBE9A52766DC2800B7C96D /* FilterCell */,
				933EEC402775C01E007E482D /* DiscountCells */,
				9396BC5C2748819A00DA4FC8 /* FavouriteCell */,
				89DBE89327475C8C00B7C96D /* ContactsCell */,
				8982F16C2740ADEE00FB79E8 /* CategoryCell */,
				893086A627434B3B000339B0 /* ProductCell */,
				893086FC27472809000339B0 /* ProductImageCell */,
			);
			path = Cells;
			sourceTree = "<group>";
		};
		8982F14E273F339600FB79E8 /* ViewControllers */ = {
			isa = PBXGroup;
			children = (
				93AD6D4827515B4D00211D96 /* Popup Controller */,
				89DBE89D2747614B00B7C96D /* GoogleMapVC */,
				89DBE89027475C7C00B7C96D /* TabBarController */,
				7F9B67DE275A8812009A742E /* Catalog */,
				93A3B0662741283D008DF823 /* FavouriteController */,
				93A3B06727412893008DF823 /* ContactsController */,
				7F224A0C275F74A0000649BB /* Cart */,
			);
			path = ViewControllers;
			sourceTree = "<group>";
		};
		8982F1692740ADBD00FB79E8 /* Enums */ = {
			isa = PBXGroup;
			children = (
				8982F16A2740ADCC00FB79E8 /* Enums.swift */,
				9381373E275FEF9B00374F55 /* ContactsType.swift */,
			);
			path = Enums;
			sourceTree = "<group>";
		};
		8982F16C2740ADEE00FB79E8 /* CategoryCell */ = {
			isa = PBXGroup;
			children = (
				8982F16D2740ADFB00FB79E8 /* CategoryCell.swift */,
				8982F16E2740ADFB00FB79E8 /* CategoryCell.xib */,
			);
			path = CategoryCell;
			sourceTree = "<group>";
		};
		89969DE7277A7B9A001519F9 /* ConfirmationController */ = {
			isa = PBXGroup;
			children = (
				89969DE8277A7BD0001519F9 /* ConfirmationVC.swift */,
				89969DE9277A7BD0001519F9 /* ConfirmationVC.xib */,
			);
			path = ConfirmationController;
			sourceTree = "<group>";
		};
		89969DF0277B6180001519F9 /* CartCell */ = {
			isa = PBXGroup;
			children = (
				89969DF1277B6198001519F9 /* CartCell.swift */,
				89969DF2277B6198001519F9 /* CartCell.xib */,
			);
			path = CartCell;
			sourceTree = "<group>";
		};
		89DBE89027475C7C00B7C96D /* TabBarController */ = {
			isa = PBXGroup;
			children = (
				89DBE89127475C7C00B7C96D /* TabBarController.swift */,
			);
			path = TabBarController;
			sourceTree = "<group>";
		};
		89DBE89327475C8C00B7C96D /* ContactsCell */ = {
			isa = PBXGroup;
			children = (
				89DBE89427475C8C00B7C96D /* ContactsCell.swift */,
				89DBE89527475C8C00B7C96D /* ContactsCell.xib */,
			);
			path = ContactsCell;
			sourceTree = "<group>";
		};
		89DBE89D2747614B00B7C96D /* GoogleMapVC */ = {
			isa = PBXGroup;
			children = (
				89DBE89E2747614B00B7C96D /* GoogleMapVC.swift */,
				89DBE89F2747614B00B7C96D /* GoogleMapVC.xib */,
			);
			path = GoogleMapVC;
			sourceTree = "<group>";
		};
		89DBE914275059AC00B7C96D /* FilterController */ = {
			isa = PBXGroup;
			children = (
				89DBE915275059F000B7C96D /* FilterVC.swift */,
				89DBE916275059F000B7C96D /* FilterVC.xib */,
				89DBE9A02762C9A200B7C96D /* CompositionComtroller */,
			);
			path = FilterController;
			sourceTree = "<group>";
		};
		89DBE9A02762C9A200B7C96D /* CompositionComtroller */ = {
			isa = PBXGroup;
			children = (
				89DBE9A12762C9D000B7C96D /* CompositionVC.swift */,
				89DBE9A22762C9D000B7C96D /* CompositionVC.xib */,
			);
			path = CompositionComtroller;
			sourceTree = "<group>";
		};
		89DBE9A52766DC2800B7C96D /* FilterCell */ = {
			isa = PBXGroup;
			children = (
				89DBE9A62766DC3E00B7C96D /* FilterCell.swift */,
				89DBE9A72766DC3E00B7C96D /* FilterCell.xib */,
			);
			path = FilterCell;
			sourceTree = "<group>";
		};
		91E7C5CD6880390624272CC9 /* Pods */ = {
			isa = PBXGroup;
			children = (
				3C235F7C2C1D2127AC5EE758 /* Pods-FlowerApp.debug.xcconfig */,
				10B83A1A918906EF7FA39CC1 /* Pods-FlowerApp.release.xcconfig */,
			);
			path = Pods;
			sourceTree = "<group>";
		};
		9336B1AF2788E6AE001A7BE6 /* FullImageProductCell */ = {
			isa = PBXGroup;
			children = (
				9336B1B02788E6DE001A7BE6 /* FullImageProductCell.swift */,
				9336B1B12788E6DE001A7BE6 /* FullImageProductCell.xib */,
			);
			path = FullImageProductCell;
			sourceTree = "<group>";
		};
		933EEC402775C01E007E482D /* DiscountCells */ = {
			isa = PBXGroup;
			children = (
				7FC1AB962778EF88007495A3 /* DiscountCell */,
				93A874CC276CD94D00B95AEF /* SubDiscountCell */,
			);
			path = DiscountCells;
			sourceTree = "<group>";
		};
		9394AF19277BB8CD0018C6B3 /* ProductCartCell */ = {
			isa = PBXGroup;
			children = (
				9394AF1A277BB8FD0018C6B3 /* ProductCartCell.swift */,
				9394AF1B277BB8FD0018C6B3 /* ProductCartCell.xib */,
			);
			path = ProductCartCell;
			sourceTree = "<group>";
		};
		9396BC5C2748819A00DA4FC8 /* FavouriteCell */ = {
			isa = PBXGroup;
			children = (
				9396BC5D274881BB00DA4FC8 /* FavouriteCell.swift */,
				9396BC5E274881BB00DA4FC8 /* FavouriteCell.xib */,
			);
			path = FavouriteCell;
			sourceTree = "<group>";
		};
		9396BC63274890A000DA4FC8 /* Models */ = {
			isa = PBXGroup;
			children = (
				9396BC64274890C300DA4FC8 /* Product.swift */,
				7F6C2DE6275FE38B00F3D849 /* CartProduct.swift */,
				7F681B7A27654D4F00C81EFA /* User.swift */,
				7F681B7C27654FA000C81EFA /* Order.swift */,
				7F681B7E2765775E00C81EFA /* Order.swift */,
				7F681B802765776C00C81EFA /* User.swift */,
			);
			path = Models;
			sourceTree = "<group>";
		};
		93A3B0662741283D008DF823 /* FavouriteController */ = {
			isa = PBXGroup;
			children = (
				933F0CD2273FBF8900482A9F /* FavouriteVC.swift */,
				933F0CD3273FBF8900482A9F /* FavouriteVC.xib */,
			);
			path = FavouriteController;
			sourceTree = "<group>";
		};
		93A3B06727412893008DF823 /* ContactsController */ = {
			isa = PBXGroup;
			children = (
				933F0CD6273FBFB900482A9F /* ContactsVC.swift */,
				933F0CD7273FBFB900482A9F /* ContactsVC.xib */,
			);
			path = ContactsController;
			sourceTree = "<group>";
		};
		93A3B06827412C82008DF823 /* CatalogController */ = {
			isa = PBXGroup;
			children = (
				7F9B67DC275A8339009A742E /* CatalogVC+Configure.swift */,
				8982F151273F33D100FB79E8 /* CatalogVC.swift */,
				8982F152273F33D100FB79E8 /* CatalogVC.xib */,
			);
			path = CatalogController;
			sourceTree = "<group>";
		};
		93A3B06927412C97008DF823 /* ShopingCartController */ = {
			isa = PBXGroup;
			children = (
				933F0CDA273FC05500482A9F /* ShoppingCartVC.swift */,
				933F0CDB273FC05500482A9F /* ShoppingCartVC.xib */,
			);
			path = ShopingCartController;
			sourceTree = "<group>";
		};
		93A874CC276CD94D00B95AEF /* SubDiscountCell */ = {
			isa = PBXGroup;
			children = (
				93A874CD276CD97900B95AEF /* SubDiscountCell.swift */,
				93A874CE276CD97900B95AEF /* SubDiscountCell.xib */,
			);
			path = SubDiscountCell;
			sourceTree = "<group>";
		};
		93AD6D4827515B4D00211D96 /* Popup Controller */ = {
			isa = PBXGroup;
			children = (
				93AD6D4927515B6A00211D96 /* PopupController.swift */,
				93AD6D4A27515B6A00211D96 /* PopupController.xib */,
			);
			path = "Popup Controller";
			sourceTree = "<group>";
		};
		93F5F54C278700E800178F76 /* FullImageController */ = {
			isa = PBXGroup;
			children = (
				93F5F54D2787011C00178F76 /* FullImageController.swift */,
				93F5F54E2787011C00178F76 /* FullImageController.xib */,
			);
			path = FullImageController;
			sourceTree = "<group>";
		};
		C54DA66551EAE16582D491DA /* Frameworks */ = {
			isa = PBXGroup;
			children = (
				AE8CB9B2E865292D811F91E2 /* Pods_FlowerApp.framework */,
			);
			name = Frameworks;
			sourceTree = "<group>";
		};
/* End PBXGroup section */

/* Begin PBXNativeTarget section */
		8982F132273F328200FB79E8 /* FlowerApp */ = {
			isa = PBXNativeTarget;
			buildConfigurationList = 8982F147273F328300FB79E8 /* Build configuration list for PBXNativeTarget "FlowerApp" */;
			buildPhases = (
				07A0102518DF9AF411B7CFE6 /* [CP] Check Pods Manifest.lock */,
				8982F12F273F328200FB79E8 /* Sources */,
				8982F130273F328200FB79E8 /* Frameworks */,
				8982F131273F328200FB79E8 /* Resources */,
				A4476B4233C4A5B11B667A66 /* [CP] Embed Pods Frameworks */,
				BAC0291E2031A72161D76D95 /* [CP] Copy Pods Resources */,
			);
			buildRules = (
			);
			dependencies = (
			);
			name = FlowerApp;
			productName = FlowerApp;
			productReference = 8982F133273F328200FB79E8 /* FlowerApp.app */;
			productType = "com.apple.product-type.application";
		};
/* End PBXNativeTarget section */

/* Begin PBXProject section */
		8982F12B273F328200FB79E8 /* Project object */ = {
			isa = PBXProject;
			attributes = {
				BuildIndependentTargetsInParallel = 1;
				LastSwiftUpdateCheck = 1300;
				LastUpgradeCheck = 1300;
				TargetAttributes = {
					8982F132273F328200FB79E8 = {
						CreatedOnToolsVersion = 13.0;
					};
				};
			};
			buildConfigurationList = 8982F12E273F328200FB79E8 /* Build configuration list for PBXProject "FlowerApp" */;
			compatibilityVersion = "Xcode 13.0";
			developmentRegion = en;
			hasScannedForEncodings = 0;
			knownRegions = (
				en,
				Base,
			);
			mainGroup = 8982F12A273F328200FB79E8;
			productRefGroup = 8982F134273F328200FB79E8 /* Products */;
			projectDirPath = "";
			projectRoot = "";
			targets = (
				8982F132273F328200FB79E8 /* FlowerApp */,
			);
		};
/* End PBXProject section */

/* Begin PBXResourcesBuildPhase section */
		8982F131273F328200FB79E8 /* Resources */ = {
			isa = PBXResourcesBuildPhase;
			buildActionMask = 2147483647;
			files = (
				89969DF4277B6198001519F9 /* CartCell.xib in Resources */,
				7FC3B2322778F7290095DEC0 /* OCT86.otf in Resources */,
				89DBE918275059F000B7C96D /* FilterVC.xib in Resources */,
				7FC1AB992778EF88007495A3 /* DiscountCell.xib in Resources */,
				7FC3B22E2778F7290095DEC0 /* OpenSans-Italic-VariableFont.ttf in Resources */,
				9396BC60274881BB00DA4FC8 /* FavouriteCell.xib in Resources */,
				89969DEB277A7BD0001519F9 /* ConfirmationVC.xib in Resources */,
				933F0CD9273FBFB900482A9F /* ContactsVC.xib in Resources */,
				7F224A11275F74C1000649BB /* OrderVC.xib in Resources */,
				935D8949274EB93F00106DE0 /* Main.storyboard in Resources */,
				89DBE89727475C8C00B7C96D /* ContactsCell.xib in Resources */,
				8982F1702740ADFB00FB79E8 /* CategoryCell.xib in Resources */,
				9336B1B32788E6DE001A7BE6 /* FullImageProductCell.xib in Resources */,
				7F224A14275F75DA000649BB /* ValidationTextField.xib in Resources */,
				7FC3B2312778F7290095DEC0 /* OpenSans-VariableFont.ttf in Resources */,
				7FC3B2302778F7290095DEC0 /* OCT56.otf in Resources */,
				8982F143273F328300FB79E8 /* LaunchScreen.storyboard in Resources */,
				893086A527434B1E000339B0 /* CategoryVC.xib in Resources */,
				89DBE9A92766DC3E00B7C96D /* FilterCell.xib in Resources */,
				93A874D0276CD97900B95AEF /* SubDiscountCell.xib in Resources */,
				933F0CD5273FBF8900482A9F /* FavouriteVC.xib in Resources */,
				7FC3B22F2778F7290095DEC0 /* OCT85.otf in Resources */,
				9394AF1D277BB8FD0018C6B3 /* ProductCartCell.xib in Resources */,
				893086AA27434B7B000339B0 /* ProductCell.xib in Resources */,
				933F0CDD273FC05500482A9F /* ShoppingCartVC.xib in Resources */,
				8982F140273F328300FB79E8 /* Assets.xcassets in Resources */,
				893086FB27471CBD000339B0 /* ProductVC.xib in Resources */,
				89DBE9A42762C9D000B7C96D /* CompositionVC.xib in Resources */,
				89DBE8A12747614B00B7C96D /* GoogleMapVC.xib in Resources */,
				8982F154273F33D100FB79E8 /* CatalogVC.xib in Resources */,
				7FC3B22D2778F7290095DEC0 /* OCT55.otf in Resources */,
				93AD6D4C27515B6A00211D96 /* PopupController.xib in Resources */,
				93F5F5502787011C00178F76 /* FullImageController.xib in Resources */,
				8930870027472838000339B0 /* ProductImageCell.xib in Resources */,
			);
			runOnlyForDeploymentPostprocessing = 0;
		};
/* End PBXResourcesBuildPhase section */

/* Begin PBXShellScriptBuildPhase section */
		07A0102518DF9AF411B7CFE6 /* [CP] Check Pods Manifest.lock */ = {
			isa = PBXShellScriptBuildPhase;
			buildActionMask = 2147483647;
			files = (
			);
			inputFileListPaths = (
			);
			inputPaths = (
				"${PODS_PODFILE_DIR_PATH}/Podfile.lock",
				"${PODS_ROOT}/Manifest.lock",
			);
			name = "[CP] Check Pods Manifest.lock";
			outputFileListPaths = (
			);
			outputPaths = (
				"$(DERIVED_FILE_DIR)/Pods-FlowerApp-checkManifestLockResult.txt",
			);
			runOnlyForDeploymentPostprocessing = 0;
			shellPath = /bin/sh;
			shellScript = "diff \"${PODS_PODFILE_DIR_PATH}/Podfile.lock\" \"${PODS_ROOT}/Manifest.lock\" > /dev/null\nif [ $? != 0 ] ; then\n    # print error to STDERR\n    echo \"error: The sandbox is not in sync with the Podfile.lock. Run 'pod install' or update your CocoaPods installation.\" >&2\n    exit 1\nfi\n# This output is used by Xcode 'outputs' to avoid re-running this script phase.\necho \"SUCCESS\" > \"${SCRIPT_OUTPUT_FILE_0}\"\n";
			showEnvVarsInLog = 0;
		};
		A4476B4233C4A5B11B667A66 /* [CP] Embed Pods Frameworks */ = {
			isa = PBXShellScriptBuildPhase;
			buildActionMask = 2147483647;
			files = (
			);
			inputFileListPaths = (
				"${PODS_ROOT}/Target Support Files/Pods-FlowerApp/Pods-FlowerApp-frameworks-${CONFIGURATION}-input-files.xcfilelist",
			);
			name = "[CP] Embed Pods Frameworks";
			outputFileListPaths = (
				"${PODS_ROOT}/Target Support Files/Pods-FlowerApp/Pods-FlowerApp-frameworks-${CONFIGURATION}-output-files.xcfilelist",
			);
			runOnlyForDeploymentPostprocessing = 0;
			shellPath = /bin/sh;
			shellScript = "\"${PODS_ROOT}/Target Support Files/Pods-FlowerApp/Pods-FlowerApp-frameworks.sh\"\n";
			showEnvVarsInLog = 0;
		};
		BAC0291E2031A72161D76D95 /* [CP] Copy Pods Resources */ = {
			isa = PBXShellScriptBuildPhase;
			buildActionMask = 2147483647;
			files = (
			);
			inputFileListPaths = (
				"${PODS_ROOT}/Target Support Files/Pods-FlowerApp/Pods-FlowerApp-resources-${CONFIGURATION}-input-files.xcfilelist",
			);
			name = "[CP] Copy Pods Resources";
			outputFileListPaths = (
				"${PODS_ROOT}/Target Support Files/Pods-FlowerApp/Pods-FlowerApp-resources-${CONFIGURATION}-output-files.xcfilelist",
			);
			runOnlyForDeploymentPostprocessing = 0;
			shellPath = /bin/sh;
			shellScript = "\"${PODS_ROOT}/Target Support Files/Pods-FlowerApp/Pods-FlowerApp-resources.sh\"\n";
			showEnvVarsInLog = 0;
		};
/* End PBXShellScriptBuildPhase section */

/* Begin PBXSourcesBuildPhase section */
		8982F12F273F328200FB79E8 /* Sources */ = {
			isa = PBXSourcesBuildPhase;
			buildActionMask = 2147483647;
			files = (
				9381373F275FEF9C00374F55 /* ContactsType.swift in Sources */,
				9320364A2752A76F00E68921 /* UIApplication+Extensions.swift in Sources */,
				7F681B7D27654FA000C81EFA /* Order.swift in Sources */,
				89DBE8A02747614B00B7C96D /* GoogleMapVC.swift in Sources */,
				893086A427434B1E000339B0 /* CategoryVC.swift in Sources */,
				7F681B7B27654D4F00C81EFA /* User.swift in Sources */,
				7F681B812765776C00C81EFA /* User.swift in Sources */,
				89969DF3277B6198001519F9 /* CartCell.swift in Sources */,
				7F224A1E275F9F64000649BB /* InsetsTextField.swift in Sources */,
				893086FF27472838000339B0 /* ProductImageCell.swift in Sources */,
				893086FA27471CBD000339B0 /* ProductVC.swift in Sources */,
				89DBE89227475C7C00B7C96D /* TabBarController.swift in Sources */,
				89DBE9A32762C9D000B7C96D /* CompositionVC.swift in Sources */,
				893086A927434B7B000339B0 /* ProductCell.swift in Sources */,
				7F681B7F2765775E00C81EFA /* Order.swift in Sources */,
				93F5F54F2787011C00178F76 /* FullImageController.swift in Sources */,
				933F0CDC273FC05500482A9F /* ShoppingCartVC.swift in Sources */,
				89969DEA277A7BD0001519F9 /* ConfirmationVC.swift in Sources */,
				7F681B832766493C00C81EFA /* MailBuilder.swift in Sources */,
				8982F137273F328200FB79E8 /* AppDelegate.swift in Sources */,
				8982F153273F33D100FB79E8 /* CatalogVC.swift in Sources */,
				7F6C2DE7275FE38B00F3D849 /* CartProduct.swift in Sources */,
				893086A027434851000339B0 /* CodableClasses.swift in Sources */,
				7FC1AB9A2778EF88007495A3 /* DiscountCell.swift in Sources */,
				9336B1B22788E6DE001A7BE6 /* FullImageProductCell.swift in Sources */,
				8982F16F2740ADFB00FB79E8 /* CategoryCell.swift in Sources */,
				89DBE9A82766DC3E00B7C96D /* FilterCell.swift in Sources */,
				9396BC6227488F3300DA4FC8 /* RealmManager.swift in Sources */,
				93D97C0F27711C14001CF716 /* DiscountCodable.swift in Sources */,
				7F9B67DD275A8339009A742E /* CatalogVC+Configure.swift in Sources */,
				7F224A16275F7722000649BB /* ValidationTextField.swift in Sources */,
				93CFDBB6278B278200C340E1 /* NetworkManager.swift in Sources */,
				93AD6D4B27515B6A00211D96 /* PopupController.swift in Sources */,
				893086F6274715FC000339B0 /* Extensions.swift in Sources */,
				89DBE917275059F000B7C96D /* FilterVC.swift in Sources */,
				933F0CD4273FBF8900482A9F /* FavouriteVC.swift in Sources */,
				9396BC5F274881BB00DA4FC8 /* FavouriteCell.swift in Sources */,
				7F224A10275F74C1000649BB /* OrderVC.swift in Sources */,
				89DBE89627475C8C00B7C96D /* ContactsCell.swift in Sources */,
				8982F16B2740ADCC00FB79E8 /* Enums.swift in Sources */,
				9396BC65274890C300DA4FC8 /* Product.swift in Sources */,
				933EEC4227772C54007E482D /* UIColor + Extension.swift in Sources */,
				8982F139273F328200FB79E8 /* SceneDelegate.swift in Sources */,
				93CFDBB2278B1B0500C340E1 /* BackendAPI.swift in Sources */,
				7F6C2DEA275FF68200F3D849 /* NotificationManager.swift in Sources */,
				9394AF1C277BB8FD0018C6B3 /* ProductCartCell.swift in Sources */,
				933F0CD8273FBFB900482A9F /* ContactsVC.swift in Sources */,
				93A874CF276CD97900B95AEF /* SubDiscountCell.swift in Sources */,
			);
			runOnlyForDeploymentPostprocessing = 0;
		};
/* End PBXSourcesBuildPhase section */

/* Begin PBXVariantGroup section */
		8982F141273F328300FB79E8 /* LaunchScreen.storyboard */ = {
			isa = PBXVariantGroup;
			children = (
				8982F142273F328300FB79E8 /* Base */,
			);
			name = LaunchScreen.storyboard;
			sourceTree = "<group>";
		};
/* End PBXVariantGroup section */

/* Begin XCBuildConfiguration section */
		8982F145273F328300FB79E8 /* Debug */ = {
			isa = XCBuildConfiguration;
			buildSettings = {
				ALWAYS_SEARCH_USER_PATHS = NO;
				CLANG_ANALYZER_NONNULL = YES;
				CLANG_ANALYZER_NUMBER_OBJECT_CONVERSION = YES_AGGRESSIVE;
				CLANG_CXX_LANGUAGE_STANDARD = "gnu++17";
				CLANG_CXX_LIBRARY = "libc++";
				CLANG_ENABLE_MODULES = YES;
				CLANG_ENABLE_OBJC_ARC = YES;
				CLANG_ENABLE_OBJC_WEAK = YES;
				CLANG_WARN_BLOCK_CAPTURE_AUTORELEASING = YES;
				CLANG_WARN_BOOL_CONVERSION = YES;
				CLANG_WARN_COMMA = YES;
				CLANG_WARN_CONSTANT_CONVERSION = YES;
				CLANG_WARN_DEPRECATED_OBJC_IMPLEMENTATIONS = YES;
				CLANG_WARN_DIRECT_OBJC_ISA_USAGE = YES_ERROR;
				CLANG_WARN_DOCUMENTATION_COMMENTS = YES;
				CLANG_WARN_EMPTY_BODY = YES;
				CLANG_WARN_ENUM_CONVERSION = YES;
				CLANG_WARN_INFINITE_RECURSION = YES;
				CLANG_WARN_INT_CONVERSION = YES;
				CLANG_WARN_NON_LITERAL_NULL_CONVERSION = YES;
				CLANG_WARN_OBJC_IMPLICIT_RETAIN_SELF = YES;
				CLANG_WARN_OBJC_LITERAL_CONVERSION = YES;
				CLANG_WARN_OBJC_ROOT_CLASS = YES_ERROR;
				CLANG_WARN_QUOTED_INCLUDE_IN_FRAMEWORK_HEADER = YES;
				CLANG_WARN_RANGE_LOOP_ANALYSIS = YES;
				CLANG_WARN_STRICT_PROTOTYPES = YES;
				CLANG_WARN_SUSPICIOUS_MOVE = YES;
				CLANG_WARN_UNGUARDED_AVAILABILITY = YES_AGGRESSIVE;
				CLANG_WARN_UNREACHABLE_CODE = YES;
				CLANG_WARN__DUPLICATE_METHOD_MATCH = YES;
				COPY_PHASE_STRIP = NO;
				DEBUG_INFORMATION_FORMAT = dwarf;
				ENABLE_STRICT_OBJC_MSGSEND = YES;
				ENABLE_TESTABILITY = YES;
				GCC_C_LANGUAGE_STANDARD = gnu11;
				GCC_DYNAMIC_NO_PIC = NO;
				GCC_NO_COMMON_BLOCKS = YES;
				GCC_OPTIMIZATION_LEVEL = 0;
				GCC_PREPROCESSOR_DEFINITIONS = (
					"DEBUG=1",
					"$(inherited)",
				);
				GCC_WARN_64_TO_32_BIT_CONVERSION = YES;
				GCC_WARN_ABOUT_RETURN_TYPE = YES_ERROR;
				GCC_WARN_UNDECLARED_SELECTOR = YES;
				GCC_WARN_UNINITIALIZED_AUTOS = YES_AGGRESSIVE;
				GCC_WARN_UNUSED_FUNCTION = YES;
				GCC_WARN_UNUSED_VARIABLE = YES;
				IPHONEOS_DEPLOYMENT_TARGET = 15.0;
				MTL_ENABLE_DEBUG_INFO = INCLUDE_SOURCE;
				MTL_FAST_MATH = YES;
				ONLY_ACTIVE_ARCH = YES;
				SDKROOT = iphoneos;
				SWIFT_ACTIVE_COMPILATION_CONDITIONS = DEBUG;
				SWIFT_OPTIMIZATION_LEVEL = "-Onone";
			};
			name = Debug;
		};
		8982F146273F328300FB79E8 /* Release */ = {
			isa = XCBuildConfiguration;
			buildSettings = {
				ALWAYS_SEARCH_USER_PATHS = NO;
				CLANG_ANALYZER_NONNULL = YES;
				CLANG_ANALYZER_NUMBER_OBJECT_CONVERSION = YES_AGGRESSIVE;
				CLANG_CXX_LANGUAGE_STANDARD = "gnu++17";
				CLANG_CXX_LIBRARY = "libc++";
				CLANG_ENABLE_MODULES = YES;
				CLANG_ENABLE_OBJC_ARC = YES;
				CLANG_ENABLE_OBJC_WEAK = YES;
				CLANG_WARN_BLOCK_CAPTURE_AUTORELEASING = YES;
				CLANG_WARN_BOOL_CONVERSION = YES;
				CLANG_WARN_COMMA = YES;
				CLANG_WARN_CONSTANT_CONVERSION = YES;
				CLANG_WARN_DEPRECATED_OBJC_IMPLEMENTATIONS = YES;
				CLANG_WARN_DIRECT_OBJC_ISA_USAGE = YES_ERROR;
				CLANG_WARN_DOCUMENTATION_COMMENTS = YES;
				CLANG_WARN_EMPTY_BODY = YES;
				CLANG_WARN_ENUM_CONVERSION = YES;
				CLANG_WARN_INFINITE_RECURSION = YES;
				CLANG_WARN_INT_CONVERSION = YES;
				CLANG_WARN_NON_LITERAL_NULL_CONVERSION = YES;
				CLANG_WARN_OBJC_IMPLICIT_RETAIN_SELF = YES;
				CLANG_WARN_OBJC_LITERAL_CONVERSION = YES;
				CLANG_WARN_OBJC_ROOT_CLASS = YES_ERROR;
				CLANG_WARN_QUOTED_INCLUDE_IN_FRAMEWORK_HEADER = YES;
				CLANG_WARN_RANGE_LOOP_ANALYSIS = YES;
				CLANG_WARN_STRICT_PROTOTYPES = YES;
				CLANG_WARN_SUSPICIOUS_MOVE = YES;
				CLANG_WARN_UNGUARDED_AVAILABILITY = YES_AGGRESSIVE;
				CLANG_WARN_UNREACHABLE_CODE = YES;
				CLANG_WARN__DUPLICATE_METHOD_MATCH = YES;
				COPY_PHASE_STRIP = NO;
				DEBUG_INFORMATION_FORMAT = "dwarf-with-dsym";
				ENABLE_NS_ASSERTIONS = NO;
				ENABLE_STRICT_OBJC_MSGSEND = YES;
				GCC_C_LANGUAGE_STANDARD = gnu11;
				GCC_NO_COMMON_BLOCKS = YES;
				GCC_WARN_64_TO_32_BIT_CONVERSION = YES;
				GCC_WARN_ABOUT_RETURN_TYPE = YES_ERROR;
				GCC_WARN_UNDECLARED_SELECTOR = YES;
				GCC_WARN_UNINITIALIZED_AUTOS = YES_AGGRESSIVE;
				GCC_WARN_UNUSED_FUNCTION = YES;
				GCC_WARN_UNUSED_VARIABLE = YES;
				IPHONEOS_DEPLOYMENT_TARGET = 15.0;
				MTL_ENABLE_DEBUG_INFO = NO;
				MTL_FAST_MATH = YES;
				SDKROOT = iphoneos;
				SWIFT_COMPILATION_MODE = wholemodule;
				SWIFT_OPTIMIZATION_LEVEL = "-O";
				VALIDATE_PRODUCT = YES;
			};
			name = Release;
		};
		8982F148273F328300FB79E8 /* Debug */ = {
			isa = XCBuildConfiguration;
			baseConfigurationReference = 3C235F7C2C1D2127AC5EE758 /* Pods-FlowerApp.debug.xcconfig */;
			buildSettings = {
				ASSETCATALOG_COMPILER_APPICON_NAME = AppIcon;
				ASSETCATALOG_COMPILER_GLOBAL_ACCENT_COLOR_NAME = AccentColor;
				CODE_SIGN_IDENTITY = "Apple Development";
				CODE_SIGN_STYLE = Automatic;
				CURRENT_PROJECT_VERSION = 1;
				DEVELOPMENT_TEAM = T8V9JXV542;
				GENERATE_INFOPLIST_FILE = YES;
				HEADER_SEARCH_PATHS = (
					"$(inherited)",
					"\"${PODS_CONFIGURATION_BUILD_DIR}/Alamofire/Alamofire.framework/Headers\"",
					"\"${PODS_CONFIGURATION_BUILD_DIR}/AvailableHapticFeedback/AvailableHapticFeedback.framework/Headers\"",
					"\"${PODS_CONFIGURATION_BUILD_DIR}/Moya-ObjectMapper/Moya_ObjectMapper.framework/Headers\"",
					"\"${PODS_CONFIGURATION_BUILD_DIR}/Moya/Moya.framework/Headers\"",
					"\"${PODS_CONFIGURATION_BUILD_DIR}/MultiSlider/MultiSlider.framework/Headers\"",
					"\"${PODS_CONFIGURATION_BUILD_DIR}/ObjectMapper/ObjectMapper.framework/Headers\"",
					"\"${PODS_CONFIGURATION_BUILD_DIR}/Realm/Realm.framework/Headers\"",
					"\"${PODS_CONFIGURATION_BUILD_DIR}/RealmSwift/RealmSwift.framework/Headers\"",
					"\"${PODS_CONFIGURATION_BUILD_DIR}/SDWebImage/SDWebImage.framework/Headers\"",
					"\"${PODS_CONFIGURATION_BUILD_DIR}/SweeterSwift/SweeterSwift.framework/Headers\"",
					"\"${PODS_CONFIGURATION_BUILD_DIR}/TPKeyboardAvoiding/TPKeyboardAvoiding.framework/Headers\"",
					"\"${PODS_ROOT}/Headers/Public\"",
					"\"${PODS_XCFRAMEWORKS_BUILD_DIR}/Realm/Headers\"",
					"\"${PODS_ROOT}/Headers/Public/mailcore2-ios\"",
					"\"${PODS_ROOT}/Headers/Public/mailcore2-ios/MailCore\"",
				);
				INFOPLIST_FILE = FlowerApp/Info.plist;
				INFOPLIST_KEY_UIApplicationSupportsIndirectInputEvents = YES;
				INFOPLIST_KEY_UILaunchStoryboardName = LaunchScreen;
				INFOPLIST_KEY_UIMainStoryboardFile = Main;
				INFOPLIST_KEY_UISupportedInterfaceOrientations = "UIInterfaceOrientationPortrait UIInterfaceOrientationPortraitUpsideDown";
				INFOPLIST_KEY_UISupportedInterfaceOrientations_iPad = "UIInterfaceOrientationPortrait UIInterfaceOrientationPortraitUpsideDown UIInterfaceOrientationLandscapeLeft UIInterfaceOrientationLandscapeRight";
				INFOPLIST_KEY_UISupportedInterfaceOrientations_iPhone = "UIInterfaceOrientationPortrait UIInterfaceOrientationLandscapeLeft UIInterfaceOrientationLandscapeRight";
				INFOPLIST_KEY_UIUserInterfaceStyle = Light;
				LD_RUNPATH_SEARCH_PATHS = (
					"$(inherited)",
					"@executable_path/Frameworks",
				);
				MARKETING_VERSION = 1.0;
				PRODUCT_BUNDLE_IDENTIFIER = com.romanenko.flowers;
				PRODUCT_NAME = "$(TARGET_NAME)";
				PROVISIONING_PROFILE_SPECIFIER = "";
				SWIFT_EMIT_LOC_STRINGS = YES;
				SWIFT_OBJC_BRIDGING_HEADER = "$(SRCROOT)/FlowerApp/sendEmail_bridge.h";
				SWIFT_VERSION = 5.0;
				TARGETED_DEVICE_FAMILY = 1;
			};
			name = Debug;
		};
		8982F149273F328300FB79E8 /* Release */ = {
			isa = XCBuildConfiguration;
			baseConfigurationReference = 10B83A1A918906EF7FA39CC1 /* Pods-FlowerApp.release.xcconfig */;
			buildSettings = {
				ASSETCATALOG_COMPILER_APPICON_NAME = AppIcon;
				ASSETCATALOG_COMPILER_GLOBAL_ACCENT_COLOR_NAME = AccentColor;
				CODE_SIGN_IDENTITY = "Apple Development";
				CODE_SIGN_STYLE = Automatic;
				CURRENT_PROJECT_VERSION = 1;
				DEVELOPMENT_TEAM = T8V9JXV542;
				GENERATE_INFOPLIST_FILE = YES;
				HEADER_SEARCH_PATHS = (
					"$(inherited)",
					"\"${PODS_CONFIGURATION_BUILD_DIR}/Alamofire/Alamofire.framework/Headers\"",
					"\"${PODS_CONFIGURATION_BUILD_DIR}/AvailableHapticFeedback/AvailableHapticFeedback.framework/Headers\"",
					"\"${PODS_CONFIGURATION_BUILD_DIR}/Moya-ObjectMapper/Moya_ObjectMapper.framework/Headers\"",
					"\"${PODS_CONFIGURATION_BUILD_DIR}/Moya/Moya.framework/Headers\"",
					"\"${PODS_CONFIGURATION_BUILD_DIR}/MultiSlider/MultiSlider.framework/Headers\"",
					"\"${PODS_CONFIGURATION_BUILD_DIR}/ObjectMapper/ObjectMapper.framework/Headers\"",
					"\"${PODS_CONFIGURATION_BUILD_DIR}/Realm/Realm.framework/Headers\"",
					"\"${PODS_CONFIGURATION_BUILD_DIR}/RealmSwift/RealmSwift.framework/Headers\"",
					"\"${PODS_CONFIGURATION_BUILD_DIR}/SDWebImage/SDWebImage.framework/Headers\"",
					"\"${PODS_CONFIGURATION_BUILD_DIR}/SweeterSwift/SweeterSwift.framework/Headers\"",
					"\"${PODS_CONFIGURATION_BUILD_DIR}/TPKeyboardAvoiding/TPKeyboardAvoiding.framework/Headers\"",
					"\"${PODS_ROOT}/Headers/Public\"",
					"\"${PODS_ROOT}/Headers/Public/mailcore2-ios\"/**",
					"\"${PODS_XCFRAMEWORKS_BUILD_DIR}/Realm/Headers\"",
				);
				INFOPLIST_FILE = FlowerApp/Info.plist;
				INFOPLIST_KEY_UIApplicationSupportsIndirectInputEvents = YES;
				INFOPLIST_KEY_UILaunchStoryboardName = LaunchScreen;
				INFOPLIST_KEY_UIMainStoryboardFile = Main;
				INFOPLIST_KEY_UISupportedInterfaceOrientations = "UIInterfaceOrientationPortrait UIInterfaceOrientationPortraitUpsideDown";
				INFOPLIST_KEY_UISupportedInterfaceOrientations_iPad = "UIInterfaceOrientationPortrait UIInterfaceOrientationPortraitUpsideDown UIInterfaceOrientationLandscapeLeft UIInterfaceOrientationLandscapeRight";
				INFOPLIST_KEY_UISupportedInterfaceOrientations_iPhone = "UIInterfaceOrientationPortrait UIInterfaceOrientationLandscapeLeft UIInterfaceOrientationLandscapeRight";
				INFOPLIST_KEY_UIUserInterfaceStyle = Light;
				LD_RUNPATH_SEARCH_PATHS = (
					"$(inherited)",
					"@executable_path/Frameworks",
				);
				MARKETING_VERSION = 1.0;
				PRODUCT_BUNDLE_IDENTIFIER = com.romanenko.flowers;
				PRODUCT_NAME = "$(TARGET_NAME)";
				PROVISIONING_PROFILE_SPECIFIER = "";
				SWIFT_EMIT_LOC_STRINGS = YES;
				SWIFT_OBJC_BRIDGING_HEADER = "$(SRCROOT)/FlowerApp/sendEmail_bridge.h";
				SWIFT_VERSION = 5.0;
				TARGETED_DEVICE_FAMILY = 1;
			};
			name = Release;
		};
/* End XCBuildConfiguration section */

/* Begin XCConfigurationList section */
		8982F12E273F328200FB79E8 /* Build configuration list for PBXProject "FlowerApp" */ = {
			isa = XCConfigurationList;
			buildConfigurations = (
				8982F145273F328300FB79E8 /* Debug */,
				8982F146273F328300FB79E8 /* Release */,
			);
			defaultConfigurationIsVisible = 0;
			defaultConfigurationName = Release;
		};
		8982F147273F328300FB79E8 /* Build configuration list for PBXNativeTarget "FlowerApp" */ = {
			isa = XCConfigurationList;
			buildConfigurations = (
				8982F148273F328300FB79E8 /* Debug */,
				8982F149273F328300FB79E8 /* Release */,
			);
			defaultConfigurationIsVisible = 0;
			defaultConfigurationName = Release;
		};
/* End XCConfigurationList section */
	};
	rootObject = 8982F12B273F328200FB79E8 /* Project object */;
}
